
Microsoft Visual Studio Solution File, Format Version 12.00
# Visual Studio Version 17
VisualStudioVersion = 17.0.32112.339
MinimumVisualStudioVersion = 10.0.40219.1
Project("{9A19103F-16F7-4668-BE54-9A1E7A4F7556}") = "LightBlueFox.Networking", "LightBlueFox.Networking\LightBlueFox.Networking.csproj", "{CB10624C-CACE-42A0-AE56-71FBBBF22C1C}"
EndProject
Project("{9A19103F-16F7-4668-BE54-9A1E7A4F7556}") = "NetworkTests", "NetworkTests\NetworkTests.csproj", "{CE1A6B75-92BB-4617-8A1E-E6BC33625982}"
EndProject
Project("{FAE04EC0-301F-11D3-BF4B-00C04F79EFBC}") = "ConsoleTests", "ConsoleTests\ConsoleTests.csproj", "{C7B5416C-1FAA-40EE-845F-1D4DA76FC8DE}"
EndProject
Global
	GlobalSection(SolutionConfigurationPlatforms) = preSolution
		Debug|Any CPU = Debug|Any CPU
		Release|Any CPU = Release|Any CPU
	EndGlobalSection
	GlobalSection(ProjectConfigurationPlatforms) = postSolution
		{CB10624C-CACE-42A0-AE56-71FBBBF22C1C}.Debug|Any CPU.ActiveCfg = Debug|Any CPU
		{CB10624C-CACE-42A0-AE56-71FBBBF22C1C}.Debug|Any CPU.Build.0 = Debug|Any CPU
		{CB10624C-CACE-42A0-AE56-71FBBBF22C1C}.Release|Any CPU.ActiveCfg = Release|Any CPU
		{CB10624C-CACE-42A0-AE56-71FBBBF22C1C}.Release|Any CPU.Build.0 = Release|Any CPU
		{CE1A6B75-92BB-4617-8A1E-E6BC33625982}.Debug|Any CPU.ActiveCfg = Debug|Any CPU
		{CE1A6B75-92BB-4617-8A1E-E6BC33625982}.Debug|Any CPU.Build.0 = Debug|Any CPU
		{CE1A6B75-92BB-4617-8A1E-E6BC33625982}.Release|Any CPU.ActiveCfg = Release|Any CPU
		{CE1A6B75-92BB-4617-8A1E-E6BC33625982}.Release|Any CPU.Build.0 = Release|Any CPU
		{C7B5416C-1FAA-40EE-845F-1D4DA76FC8DE}.Debug|Any CPU.ActiveCfg = Debug|Any CPU
		{C7B5416C-1FAA-40EE-845F-1D4DA76FC8DE}.Debug|Any CPU.Build.0 = Debug|Any CPU
		{C7B5416C-1FAA-40EE-845F-1D4DA76FC8DE}.Release|Any CPU.ActiveCfg = Release|Any CPU
		{C7B5416C-1FAA-40EE-845F-1D4DA76FC8DE}.Release|Any CPU.Build.0 = Release|Any CPU
	EndGlobalSection
	GlobalSection(SolutionProperties) = preSolution
		HideSolutionNode = FALSE
	EndGlobalSection
	GlobalSection(ExtensibilityGlobals) = postSolution
		SolutionGuid = {3AA4214A-668B-407A-AFD1-80BD45C8E30B}
	EndGlobalSection
EndGlobal
